
Microsoft Visual Studio Solution File, Format Version 12.00
# Visual Studio Version 16
VisualStudioVersion = 16.0.29020.237
MinimumVisualStudioVersion = 10.0.40219.1
Project("{FAE04EC0-301F-11D3-BF4B-00C04F79EFBC}") = "SwedbankPay.Episerver.Checkout", "src\SwedbankPay.Episerver.Checkout\SwedbankPay.Episerver.Checkout.csproj", "{9588675B-3D10-4F5C-A0D3-5260734E821B}"
EndProject
Project("{FAE04EC0-301F-11D3-BF4B-00C04F79EFBC}") = "SwedbankPay.Checkout.Episerver.CommerceManager", "src\SwedbankPay.Checkout.Episerver.CommerceManager\SwedbankPay.Checkout.Episerver.CommerceManager.csproj", "{B70821A5-7EF6-44E8-A812-4E17254036A7}"
EndProject
Project("{FAE04EC0-301F-11D3-BF4B-00C04F79EFBC}") = "SwedbankPay.Checkout.Episerver.Common", "src\SwedbankPay.Checkout.Episerver.Common\SwedbankPay.Checkout.Episerver.Common.csproj", "{D773B6A3-EE81-40AA-B585-4F0D164ADE97}"
EndProject
Project("{FAE04EC0-301F-11D3-BF4B-00C04F79EFBC}") = "SwedbankPay.Checkout.Episerver.OrderManagement", "src\SwedbankPay.Checkout.Episerver.OrderManagement\SwedbankPay.Checkout.Episerver.OrderManagement.csproj", "{8E3481E0-8017-4202-9AEB-EE413C049655}"
EndProject
Project("{9A19103F-16F7-4668-BE54-9A1E7A4F7556}") = "PayEx.Net.Api", "src\PayEx.Net.Api\PayEx.Net.Api.csproj", "{AEB23D71-4ECC-4BCC-9869-D171EADEC954}"
EndProject
Global
	GlobalSection(SolutionConfigurationPlatforms) = preSolution
		Debug|Any CPU = Debug|Any CPU
		Release|Any CPU = Release|Any CPU
	EndGlobalSection
	GlobalSection(ProjectConfigurationPlatforms) = postSolution
		{9588675B-3D10-4F5C-A0D3-5260734E821B}.Debug|Any CPU.ActiveCfg = Debug|Any CPU
		{9588675B-3D10-4F5C-A0D3-5260734E821B}.Debug|Any CPU.Build.0 = Debug|Any CPU
		{9588675B-3D10-4F5C-A0D3-5260734E821B}.Release|Any CPU.ActiveCfg = Release|Any CPU
		{9588675B-3D10-4F5C-A0D3-5260734E821B}.Release|Any CPU.Build.0 = Release|Any CPU
		{B70821A5-7EF6-44E8-A812-4E17254036A7}.Debug|Any CPU.ActiveCfg = Debug|Any CPU
		{B70821A5-7EF6-44E8-A812-4E17254036A7}.Debug|Any CPU.Build.0 = Debug|Any CPU
		{B70821A5-7EF6-44E8-A812-4E17254036A7}.Release|Any CPU.ActiveCfg = Release|Any CPU
		{B70821A5-7EF6-44E8-A812-4E17254036A7}.Release|Any CPU.Build.0 = Release|Any CPU
		{D773B6A3-EE81-40AA-B585-4F0D164ADE97}.Debug|Any CPU.ActiveCfg = Debug|Any CPU
		{D773B6A3-EE81-40AA-B585-4F0D164ADE97}.Debug|Any CPU.Build.0 = Debug|Any CPU
		{D773B6A3-EE81-40AA-B585-4F0D164ADE97}.Release|Any CPU.ActiveCfg = Release|Any CPU
		{D773B6A3-EE81-40AA-B585-4F0D164ADE97}.Release|Any CPU.Build.0 = Release|Any CPU
		{8E3481E0-8017-4202-9AEB-EE413C049655}.Debug|Any CPU.ActiveCfg = Debug|Any CPU
		{8E3481E0-8017-4202-9AEB-EE413C049655}.Debug|Any CPU.Build.0 = Debug|Any CPU
		{8E3481E0-8017-4202-9AEB-EE413C049655}.Release|Any CPU.ActiveCfg = Release|Any CPU
		{8E3481E0-8017-4202-9AEB-EE413C049655}.Release|Any CPU.Build.0 = Release|Any CPU
		{AEB23D71-4ECC-4BCC-9869-D171EADEC954}.Debug|Any CPU.ActiveCfg = Debug|Any CPU
		{AEB23D71-4ECC-4BCC-9869-D171EADEC954}.Debug|Any CPU.Build.0 = Debug|Any CPU
		{AEB23D71-4ECC-4BCC-9869-D171EADEC954}.Release|Any CPU.ActiveCfg = Release|Any CPU
		{AEB23D71-4ECC-4BCC-9869-D171EADEC954}.Release|Any CPU.Build.0 = Release|Any CPU
	EndGlobalSection
	GlobalSection(SolutionProperties) = preSolution
		HideSolutionNode = FALSE
	EndGlobalSection
	GlobalSection(ExtensibilityGlobals) = postSolution
		SolutionGuid = {FCD1C0CE-CCF4-43A7-B044-84377A7F6197}
	EndGlobalSection
EndGlobal
